
Microsoft Visual Studio Solution File, Format Version 12.00
# Visual Studio Version 16
VisualStudioVersion = 16.0.30114.105
MinimumVisualStudioVersion = 10.0.40219.1
Project("{9A19103F-16F7-4668-BE54-9A1E7A4F7556}") = "ExampleApp", "ExampleApp.csproj", "{7642619B-B72D-4DAA-AE78-4F6F0A03FC21}"
EndProject
Global
	GlobalSection(SolutionConfigurationPlatforms) = preSolution
		Debug|Any CPU = Debug|Any CPU
		Release|Any CPU = Release|Any CPU
	EndGlobalSection
	GlobalSection(ProjectConfigurationPlatforms) = postSolution
		{7642619B-B72D-4DAA-AE78-4F6F0A03FC21}.Debug|Any CPU.ActiveCfg = Debug|Any CPU
		{7642619B-B72D-4DAA-AE78-4F6F0A03FC21}.Debug|Any CPU.Build.0 = Debug|Any CPU
		{7642619B-B72D-4DAA-AE78-4F6F0A03FC21}.Release|Any CPU.ActiveCfg = Release|Any CPU
		{7642619B-B72D-4DAA-AE78-4F6F0A03FC21}.Release|Any CPU.Build.0 = Release|Any CPU
	EndGlobalSection
	GlobalSection(SolutionProperties) = preSolution
		HideSolutionNode = FALSE
	EndGlobalSection
	GlobalSection(ExtensibilityGlobals) = postSolution
		SolutionGuid = {BBFF7137-2E0F-4210-BFC4-DEA4DEE376CB}
	EndGlobalSection
EndGlobal
